
Microsoft Visual Studio Solution File, Format Version 12.00
# Visual Studio 15
VisualStudioVersion = 15.0.28307.1831
MinimumVisualStudioVersion = 10.0.40219.1
Project("{E24C65DC-7377-472B-9ABA-BC803B73C61A}") = "my_pdf_to_html", ".", "{D35B04F4-0CA1-4E55-8261-6C1D14E74F4A}"
	ProjectSection(WebsiteProperties) = preProject
		TargetFrameworkMoniker = ".NETFramework,Version%3Dv4.0"
		Debug.AspNetCompiler.VirtualPath = "/localhost_6319"
		Debug.AspNetCompiler.PhysicalPath = "F:\mytools\my_pdf_to_html\"
		Debug.AspNetCompiler.TargetPath = "PrecompiledWeb\localhost_6319\"
		Debug.AspNetCompiler.Updateable = "true"
		Debug.AspNetCompiler.ForceOverwrite = "true"
		Debug.AspNetCompiler.FixedNames = "false"
		Debug.AspNetCompiler.Debug = "True"
		Release.AspNetCompiler.VirtualPath = "/localhost_6319"
		Release.AspNetCompiler.PhysicalPath = "F:\mytools\my_pdf_to_html\"
		Release.AspNetCompiler.TargetPath = "PrecompiledWeb\localhost_6319\"
		Release.AspNetCompiler.Updateable = "true"
		Release.AspNetCompiler.ForceOverwrite = "true"
		Release.AspNetCompiler.FixedNames = "false"
		Release.AspNetCompiler.Debug = "False"
		VWDPort = "6319"
	EndProjectSection
EndProject
Global
	GlobalSection(SolutionConfigurationPlatforms) = preSolution
		Debug|Any CPU = Debug|Any CPU
	EndGlobalSection
	GlobalSection(ProjectConfigurationPlatforms) = postSolution
		{D35B04F4-0CA1-4E55-8261-6C1D14E74F4A}.Debug|Any CPU.ActiveCfg = Debug|Any CPU
		{D35B04F4-0CA1-4E55-8261-6C1D14E74F4A}.Debug|Any CPU.Build.0 = Debug|Any CPU
	EndGlobalSection
	GlobalSection(SolutionProperties) = preSolution
		HideSolutionNode = FALSE
	EndGlobalSection
	GlobalSection(ExtensibilityGlobals) = postSolution
		SolutionGuid = {ABBBBC5B-51E2-4590-BF9E-1950DC0CCB13}
	EndGlobalSection
EndGlobal
